
Microsoft Visual Studio Solution File, Format Version 12.00
# Visual Studio Version 17
VisualStudioVersion = 17.11.35327.3
MinimumVisualStudioVersion = 10.0.40219.1
Project("{FAE04EC0-301F-11D3-BF4B-00C04F79EFBC}") = "Crud0", "Crud0\Crud0.csproj", "{3039FF64-2E60-45E6-AEE5-3CBF37B326EE}"
EndProject
Global
	GlobalSection(SolutionConfigurationPlatforms) = preSolution
		Debug|Any CPU = Debug|Any CPU
		Release|Any CPU = Release|Any CPU
	EndGlobalSection
	GlobalSection(ProjectConfigurationPlatforms) = postSolution
		{3039FF64-2E60-45E6-AEE5-3CBF37B326EE}.Debug|Any CPU.ActiveCfg = Debug|Any CPU
		{3039FF64-2E60-45E6-AEE5-3CBF37B326EE}.Debug|Any CPU.Build.0 = Debug|Any CPU
		{3039FF64-2E60-45E6-AEE5-3CBF37B326EE}.Release|Any CPU.ActiveCfg = Release|Any CPU
		{3039FF64-2E60-45E6-AEE5-3CBF37B326EE}.Release|Any CPU.Build.0 = Release|Any CPU
	EndGlobalSection
	GlobalSection(SolutionProperties) = preSolution
		HideSolutionNode = FALSE
	EndGlobalSection
	GlobalSection(ExtensibilityGlobals) = postSolution
		SolutionGuid = {62D435E0-927E-4961-9880-2F0CDB5DD946}
	EndGlobalSection
EndGlobal
